
Microsoft Visual Studio Solution File, Format Version 12.00
# Visual Studio 15
VisualStudioVersion = 15.0.28307.489
MinimumVisualStudioVersion = 10.0.40219.1
Project("{FAE04EC0-301F-11D3-BF4B-00C04F79EFBC}") = "SopaDeLetras", "SopaDeLetras\SopaDeLetras.csproj", "{69D8957B-FFA5-45E5-9604-7F7DBE470F4B}"
EndProject
Project("{54435603-DBB4-11D2-8724-00A0C9A8B90C}") = "WordSearch", "WordSearch\WordSearch.vdproj", "{7C230FD5-7578-415D-8894-3B105B8B6D23}"
EndProject
Global
	GlobalSection(SolutionConfigurationPlatforms) = preSolution
		Debug|Any CPU = Debug|Any CPU
		Release|Any CPU = Release|Any CPU
	EndGlobalSection
	GlobalSection(ProjectConfigurationPlatforms) = postSolution
		{69D8957B-FFA5-45E5-9604-7F7DBE470F4B}.Debug|Any CPU.ActiveCfg = Debug|Any CPU
		{69D8957B-FFA5-45E5-9604-7F7DBE470F4B}.Debug|Any CPU.Build.0 = Debug|Any CPU
		{69D8957B-FFA5-45E5-9604-7F7DBE470F4B}.Release|Any CPU.ActiveCfg = Release|Any CPU
		{69D8957B-FFA5-45E5-9604-7F7DBE470F4B}.Release|Any CPU.Build.0 = Release|Any CPU
		{7C230FD5-7578-415D-8894-3B105B8B6D23}.Debug|Any CPU.ActiveCfg = Debug
		{7C230FD5-7578-415D-8894-3B105B8B6D23}.Release|Any CPU.ActiveCfg = Release
	EndGlobalSection
	GlobalSection(SolutionProperties) = preSolution
		HideSolutionNode = FALSE
	EndGlobalSection
	GlobalSection(ExtensibilityGlobals) = postSolution
		SolutionGuid = {CB6EADD2-2EDC-40E6-9084-AA8783000832}
	EndGlobalSection
EndGlobal
